// !$*UTF8*$!
{
	archiveVersion = 1;
	classes = {
	};
	objectVersion = 50;
	objects = {

/* Begin PBXBuildFile section */
		E147B412256EE5B200FB372F /* DS-DIGI.TTF in Resources */ = {isa = PBXBuildFile; fileRef = E147B40E256EE56400FB372F /* DS-DIGI.TTF */; };
		E147B414256EE5B400FB372F /* DS-DIGIB.TTF in Resources */ = {isa = PBXBuildFile; fileRef = E147B40F256EE56400FB372F /* DS-DIGIB.TTF */; };
		E147B416256EE5B600FB372F /* DS-DIGII.TTF in Resources */ = {isa = PBXBuildFile; fileRef = E147B410256EE56400FB372F /* DS-DIGII.TTF */; };
		E147B418256EE5B900FB372F /* DS-DIGIT.TTF in Resources */ = {isa = PBXBuildFile; fileRef = E147B411256EE56400FB372F /* DS-DIGIT.TTF */; };
		E1AB015325667916004DECA2 /* AppDelegate.swift in Sources */ = {isa = PBXBuildFile; fileRef = E1AB015225667916004DECA2 /* AppDelegate.swift */; };
		E1AB015525667916004DECA2 /* SceneDelegate.swift in Sources */ = {isa = PBXBuildFile; fileRef = E1AB015425667916004DECA2 /* SceneDelegate.swift */; };
		E1AB015725667916004DECA2 /* ViewController.swift in Sources */ = {isa = PBXBuildFile; fileRef = E1AB015625667916004DECA2 /* ViewController.swift */; };
		E1AB015A25667916004DECA2 /* Main.storyboard in Resources */ = {isa = PBXBuildFile; fileRef = E1AB015825667916004DECA2 /* Main.storyboard */; };
		E1AB015C25667919004DECA2 /* Assets.xcassets in Resources */ = {isa = PBXBuildFile; fileRef = E1AB015B25667919004DECA2 /* Assets.xcassets */; };
		E1AB015F25667919004DECA2 /* LaunchScreen.storyboard in Resources */ = {isa = PBXBuildFile; fileRef = E1AB015D25667919004DECA2 /* LaunchScreen.storyboard */; };
		E1AB016825681B10004DECA2 /* DisplayView.swift in Sources */ = {isa = PBXBuildFile; fileRef = E1AB016725681B0F004DECA2 /* DisplayView.swift */; };
		E1AB016B25681B22004DECA2 /* DisplayView.xib in Resources */ = {isa = PBXBuildFile; fileRef = E1AB016A25681B22004DECA2 /* DisplayView.xib */; };
/* End PBXBuildFile section */

/* Begin PBXFileReference section */
		E147B40E256EE56400FB372F /* DS-DIGI.TTF */ = {isa = PBXFileReference; lastKnownFileType = file; path = "DS-DIGI.TTF"; sourceTree = "<group>"; };
		E147B40F256EE56400FB372F /* DS-DIGIB.TTF */ = {isa = PBXFileReference; lastKnownFileType = file; path = "DS-DIGIB.TTF"; sourceTree = "<group>"; };
		E147B410256EE56400FB372F /* DS-DIGII.TTF */ = {isa = PBXFileReference; lastKnownFileType = file; path = "DS-DIGII.TTF"; sourceTree = "<group>"; };
		E147B411256EE56400FB372F /* DS-DIGIT.TTF */ = {isa = PBXFileReference; lastKnownFileType = file; path = "DS-DIGIT.TTF"; sourceTree = "<group>"; };
		E1AB014F25667916004DECA2 /* cardGame.app */ = {isa = PBXFileReference; explicitFileType = wrapper.application; includeInIndex = 0; path = cardGame.app; sourceTree = BUILT_PRODUCTS_DIR; };
		E1AB015225667916004DECA2 /* AppDelegate.swift */ = {isa = PBXFileReference; lastKnownFileType = sourcecode.swift; path = AppDelegate.swift; sourceTree = "<group>"; };
		E1AB015425667916004DECA2 /* SceneDelegate.swift */ = {isa = PBXFileReference; lastKnownFileType = sourcecode.swift; path = SceneDelegate.swift; sourceTree = "<group>"; };
		E1AB015625667916004DECA2 /* ViewController.swift */ = {isa = PBXFileReference; lastKnownFileType = sourcecode.swift; path = ViewController.swift; sourceTree = "<group>"; };
		E1AB015925667916004DECA2 /* Base */ = {isa = PBXFileReference; lastKnownFileType = file.storyboard; name = Base; path = Base.lproj/Main.storyboard; sourceTree = "<group>"; };
		E1AB015B25667919004DECA2 /* Assets.xcassets */ = {isa = PBXFileReference; lastKnownFileType = folder.assetcatalog; path = Assets.xcassets; sourceTree = "<group>"; };
		E1AB015E25667919004DECA2 /* Base */ = {isa = PBXFileReference; lastKnownFileType = file.storyboard; name = Base; path = Base.lproj/LaunchScreen.storyboard; sourceTree = "<group>"; };
		E1AB016025667919004DECA2 /* Info.plist */ = {isa = PBXFileReference; lastKnownFileType = text.plist.xml; path = Info.plist; sourceTree = "<group>"; };
		E1AB016725681B0F004DECA2 /* DisplayView.swift */ = {isa = PBXFileReference; lastKnownFileType = sourcecode.swift; path = DisplayView.swift; sourceTree = "<group>"; };
		E1AB016A25681B22004DECA2 /* DisplayView.xib */ = {isa = PBXFileReference; lastKnownFileType = file.xib; path = DisplayView.xib; sourceTree = "<group>"; };
/* End PBXFileReference section */

/* Begin PBXFrameworksBuildPhase section */
		E1AB014C25667916004DECA2 /* Frameworks */ = {
			isa = PBXFrameworksBuildPhase;
			buildActionMask = 2147483647;
			files = (
			);
			runOnlyForDeploymentPostprocessing = 0;
		};
/* End PBXFrameworksBuildPhase section */

/* Begin PBXGroup section */
		E1AB014625667916004DECA2 = {
			isa = PBXGroup;
			children = (
				E1AB015125667916004DECA2 /* cardGame */,
				E1AB015025667916004DECA2 /* Products */,
			);
			sourceTree = "<group>";
		};
		E1AB015025667916004DECA2 /* Products */ = {
			isa = PBXGroup;
			children = (
				E1AB014F25667916004DECA2 /* cardGame.app */,
			);
			name = Products;
			sourceTree = "<group>";
		};
		E1AB015125667916004DECA2 /* cardGame */ = {
			isa = PBXGroup;
			children = (
				E1AB015225667916004DECA2 /* AppDelegate.swift */,
				E1AB015425667916004DECA2 /* SceneDelegate.swift */,
				E1AB017E256AEE4A004DECA2 /* Controllers */,
				E1AB0179256AED76004DECA2 /* Views */,
				E1AB015B25667919004DECA2 /* Assets.xcassets */,
				E1AB016F256990CE004DECA2 /* Fonts */,
				E1AB016025667919004DECA2 /* Info.plist */,
			);
			path = cardGame;
			sourceTree = "<group>";
		};
		E1AB016F256990CE004DECA2 /* Fonts */ = {
			isa = PBXGroup;
			children = (
				E147B40E256EE56400FB372F /* DS-DIGI.TTF */,
				E147B40F256EE56400FB372F /* DS-DIGIB.TTF */,
				E147B410256EE56400FB372F /* DS-DIGII.TTF */,
				E147B411256EE56400FB372F /* DS-DIGIT.TTF */,
			);
			path = Fonts;
			sourceTree = "<group>";
		};
		E1AB0179256AED76004DECA2 /* Views */ = {
			isa = PBXGroup;
			children = (
				E1AB015D25667919004DECA2 /* LaunchScreen.storyboard */,
				E1AB015825667916004DECA2 /* Main.storyboard */,
				E1AB016A25681B22004DECA2 /* DisplayView.xib */,
			);
			path = Views;
			sourceTree = "<group>";
		};
		E1AB017E256AEE4A004DECA2 /* Controllers */ = {
			isa = PBXGroup;
			children = (
				E1AB015625667916004DECA2 /* ViewController.swift */,
				E1AB016725681B0F004DECA2 /* DisplayView.swift */,
			);
			path = Controllers;
			sourceTree = "<group>";
		};
/* End PBXGroup section */

/* Begin PBXNativeTarget section */
		E1AB014E25667916004DECA2 /* cardGame */ = {
			isa = PBXNativeTarget;
			buildConfigurationList = E1AB016325667919004DECA2 /* Build configuration list for PBXNativeTarget "cardGame" */;
			buildPhases = (
				E1AB014B25667916004DECA2 /* Sources */,
				E1AB014C25667916004DECA2 /* Frameworks */,
				E1AB014D25667916004DECA2 /* Resources */,
			);
			buildRules = (
			);
			dependencies = (
			);
			name = cardGame;
			productName = cardGame;
			productReference = E1AB014F25667916004DECA2 /* cardGame.app */;
			productType = "com.apple.product-type.application";
		};
/* End PBXNativeTarget section */

/* Begin PBXProject section */
		E1AB014725667916004DECA2 /* Project object */ = {
			isa = PBXProject;
			attributes = {
				LastSwiftUpdateCheck = 1220;
				LastUpgradeCheck = 1220;
				TargetAttributes = {
					E1AB014E25667916004DECA2 = {
						CreatedOnToolsVersion = 12.2;
					};
				};
			};
			buildConfigurationList = E1AB014A25667916004DECA2 /* Build configuration list for PBXProject "cardGame" */;
			compatibilityVersion = "Xcode 9.3";
			developmentRegion = en;
			hasScannedForEncodings = 0;
			knownRegions = (
				en,
				Base,
			);
			mainGroup = E1AB014625667916004DECA2;
			productRefGroup = E1AB015025667916004DECA2 /* Products */;
			projectDirPath = "";
			projectRoot = "";
			targets = (
				E1AB014E25667916004DECA2 /* cardGame */,
			);
		};
/* End PBXProject section */

/* Begin PBXResourcesBuildPhase section */
		E1AB014D25667916004DECA2 /* Resources */ = {
			isa = PBXResourcesBuildPhase;
			buildActionMask = 2147483647;
			files = (
				E1AB015F25667919004DECA2 /* LaunchScreen.storyboard in Resources */,
				E147B416256EE5B600FB372F /* DS-DIGII.TTF in Resources */,
				E147B414256EE5B400FB372F /* DS-DIGIB.TTF in Resources */,
				E1AB016B25681B22004DECA2 /* DisplayView.xib in Resources */,
				E1AB015C25667919004DECA2 /* Assets.xcassets in Resources */,
				E147B418256EE5B900FB372F /* DS-DIGIT.TTF in Resources */,
				E1AB015A25667916004DECA2 /* Main.storyboard in Resources */,
				E147B412256EE5B200FB372F /* DS-DIGI.TTF in Resources */,
			);
			runOnlyForDeploymentPostprocessing = 0;
		};
/* End PBXResourcesBuildPhase section */

/* Begin PBXSourcesBuildPhase section */
		E1AB014B25667916004DECA2 /* Sources */ = {
			isa = PBXSourcesBuildPhase;
			buildActionMask = 2147483647;
			files = (
				E1AB015725667916004DECA2 /* ViewController.swift in Sources */,
				E1AB016825681B10004DECA2 /* DisplayView.swift in Sources */,
				E1AB015325667916004DECA2 /* AppDelegate.swift in Sources */,
				E1AB015525667916004DECA2 /* SceneDelegate.swift in Sources */,
			);
			runOnlyForDeploymentPostprocessing = 0;
		};
/* End PBXSourcesBuildPhase section */

/* Begin PBXVariantGroup section */
		E1AB015825667916004DECA2 /* Main.storyboard */ = {
			isa = PBXVariantGroup;
			children = (
				E1AB015925667916004DECA2 /* Base */,
			);
			name = Main.storyboard;
			sourceTree = "<group>";
		};
		E1AB015D25667919004DECA2 /* LaunchScreen.storyboard */ = {
			isa = PBXVariantGroup;
			children = (
				E1AB015E25667919004DECA2 /* Base */,
			);
			name = LaunchScreen.storyboard;
			sourceTree = "<group>";
		};
/* End PBXVariantGroup section */

/* Begin XCBuildConfiguration section */
		E1AB016125667919004DECA2 /* Debug */ = {
			isa = XCBuildConfiguration;
			buildSettings = {
				ALWAYS_SEARCH_USER_PATHS = NO;
				CLANG_ANALYZER_NONNULL = YES;
				CLANG_ANALYZER_NUMBER_OBJECT_CONVERSION = YES_AGGRESSIVE;
				CLANG_CXX_LANGUAGE_STANDARD = "gnu++14";
				CLANG_CXX_LIBRARY = "libc++";
				CLANG_ENABLE_MODULES = YES;
				CLANG_ENABLE_OBJC_ARC = YES;
				CLANG_ENABLE_OBJC_WEAK = YES;
				CLANG_WARN_BLOCK_CAPTURE_AUTORELEASING = YES;
				CLANG_WARN_BOOL_CONVERSION = YES;
				CLANG_WARN_COMMA = YES;
				CLANG_WARN_CONSTANT_CONVERSION = YES;
				CLANG_WARN_DEPRECATED_OBJC_IMPLEMENTATIONS = YES;
				CLANG_WARN_DIRECT_OBJC_ISA_USAGE = YES_ERROR;
				CLANG_WARN_DOCUMENTATION_COMMENTS = YES;
				CLANG_WARN_EMPTY_BODY = YES;
				CLANG_WARN_ENUM_CONVERSION = YES;
				CLANG_WARN_INFINITE_RECURSION = YES;
				CLANG_WARN_INT_CONVERSION = YES;
				CLANG_WARN_NON_LITERAL_NULL_CONVERSION = YES;
				CLANG_WARN_OBJC_IMPLICIT_RETAIN_SELF = YES;
				CLANG_WARN_OBJC_LITERAL_CONVERSION = YES;
				CLANG_WARN_OBJC_ROOT_CLASS = YES_ERROR;
				CLANG_WARN_QUOTED_INCLUDE_IN_FRAMEWORK_HEADER = YES;
				CLANG_WARN_RANGE_LOOP_ANALYSIS = YES;
				CLANG_WARN_STRICT_PROTOTYPES = YES;
				CLANG_WARN_SUSPICIOUS_MOVE = YES;
				CLANG_WARN_UNGUARDED_AVAILABILITY = YES_AGGRESSIVE;
				CLANG_WARN_UNREACHABLE_CODE = YES;
				CLANG_WARN__DUPLICATE_METHOD_MATCH = YES;
				COPY_PHASE_STRIP = NO;
				DEBUG_INFORMATION_FORMAT = dwarf;
				ENABLE_STRICT_OBJC_MSGSEND = YES;
				ENABLE_TESTABILITY = YES;
				GCC_C_LANGUAGE_STANDARD = gnu11;
				GCC_DYNAMIC_NO_PIC = NO;
				GCC_NO_COMMON_BLOCKS = YES;
				GCC_OPTIMIZATION_LEVEL = 0;
				GCC_PREPROCESSOR_DEFINITIONS = (
					"DEBUG=1",
					"$(inherited)",
				);
				GCC_WARN_64_TO_32_BIT_CONVERSION = YES;
				GCC_WARN_ABOUT_RETURN_TYPE = YES_ERROR;
				GCC_WARN_UNDECLARED_SELECTOR = YES;
				GCC_WARN_UNINITIALIZED_AUTOS = YES_AGGRESSIVE;
				GCC_WARN_UNUSED_FUNCTION = YES;
				GCC_WARN_UNUSED_VARIABLE = YES;
				IPHONEOS_DEPLOYMENT_TARGET = 14.2;
				MTL_ENABLE_DEBUG_INFO = INCLUDE_SOURCE;
				MTL_FAST_MATH = YES;
				ONLY_ACTIVE_ARCH = YES;
				SDKROOT = iphoneos;
				SWIFT_ACTIVE_COMPILATION_CONDITIONS = DEBUG;
				SWIFT_OPTIMIZATION_LEVEL = "-Onone";
			};
			name = Debug;
		};
		E1AB016225667919004DECA2 /* Release */ = {
			isa = XCBuildConfiguration;
			buildSettings = {
				ALWAYS_SEARCH_USER_PATHS = NO;
				CLANG_ANALYZER_NONNULL = YES;
				CLANG_ANALYZER_NUMBER_OBJECT_CONVERSION = YES_AGGRESSIVE;
				CLANG_CXX_LANGUAGE_STANDARD = "gnu++14";
				CLANG_CXX_LIBRARY = "libc++";
				CLANG_ENABLE_MODULES = YES;
				CLANG_ENABLE_OBJC_ARC = YES;
				CLANG_ENABLE_OBJC_WEAK = YES;
				CLANG_WARN_BLOCK_CAPTURE_AUTORELEASING = YES;
				CLANG_WARN_BOOL_CONVERSION = YES;
				CLANG_WARN_COMMA = YES;
				CLANG_WARN_CONSTANT_CONVERSION = YES;
				CLANG_WARN_DEPRECATED_OBJC_IMPLEMENTATIONS = YES;
				CLANG_WARN_DIRECT_OBJC_ISA_USAGE = YES_ERROR;
				CLANG_WARN_DOCUMENTATION_COMMENTS = YES;
				CLANG_WARN_EMPTY_BODY = YES;
				CLANG_WARN_ENUM_CONVERSION = YES;
				CLANG_WARN_INFINITE_RECURSION = YES;
				CLANG_WARN_INT_CONVERSION = YES;
				CLANG_WARN_NON_LITERAL_NULL_CONVERSION = YES;
				CLANG_WARN_OBJC_IMPLICIT_RETAIN_SELF = YES;
				CLANG_WARN_OBJC_LITERAL_CONVERSION = YES;
				CLANG_WARN_OBJC_ROOT_CLASS = YES_ERROR;
				CLANG_WARN_QUOTED_INCLUDE_IN_FRAMEWORK_HEADER = YES;
				CLANG_WARN_RANGE_LOOP_ANALYSIS = YES;
				CLANG_WARN_STRICT_PROTOTYPES = YES;
				CLANG_WARN_SUSPICIOUS_MOVE = YES;
				CLANG_WARN_UNGUARDED_AVAILABILITY = YES_AGGRESSIVE;
				CLANG_WARN_UNREACHABLE_CODE = YES;
				CLANG_WARN__DUPLICATE_METHOD_MATCH = YES;
				COPY_PHASE_STRIP = NO;
				DEBUG_INFORMATION_FORMAT = "dwarf-with-dsym";
				ENABLE_NS_ASSERTIONS = NO;
				ENABLE_STRICT_OBJC_MSGSEND = YES;
				GCC_C_LANGUAGE_STANDARD = gnu11;
				GCC_NO_COMMON_BLOCKS = YES;
				GCC_WARN_64_TO_32_BIT_CONVERSION = YES;
				GCC_WARN_ABOUT_RETURN_TYPE = YES_ERROR;
				GCC_WARN_UNDECLARED_SELECTOR = YES;
				GCC_WARN_UNINITIALIZED_AUTOS = YES_AGGRESSIVE;
				GCC_WARN_UNUSED_FUNCTION = YES;
				GCC_WARN_UNUSED_VARIABLE = YES;
				IPHONEOS_DEPLOYMENT_TARGET = 14.2;
				MTL_ENABLE_DEBUG_INFO = NO;
				MTL_FAST_MATH = YES;
				SDKROOT = iphoneos;
				SWIFT_COMPILATION_MODE = wholemodule;
				SWIFT_OPTIMIZATION_LEVEL = "-O";
				VALIDATE_PRODUCT = YES;
			};
			name = Release;
		};
		E1AB016425667919004DECA2 /* Debug */ = {
			isa = XCBuildConfiguration;
			buildSettings = {
				ASSETCATALOG_COMPILER_APPICON_NAME = AppIcon;
				ASSETCATALOG_COMPILER_GLOBAL_ACCENT_COLOR_NAME = AccentColor;
				CODE_SIGN_STYLE = Automatic;
				INFOPLIST_FILE = cardGame/Info.plist;
				LD_RUNPATH_SEARCH_PATHS = (
					"$(inherited)",
					"@executable_path/Frameworks",
				);
				PRODUCT_BUNDLE_IDENTIFIER = com.jcarro.cardGame;
				PRODUCT_NAME = "$(TARGET_NAME)";
				SWIFT_VERSION = 5.0;
				TARGETED_DEVICE_FAMILY = "1,2";
			};
			name = Debug;
		};
		E1AB016525667919004DECA2 /* Release */ = {
			isa = XCBuildConfiguration;
			buildSettings = {
				ASSETCATALOG_COMPILER_APPICON_NAME = AppIcon;
				ASSETCATALOG_COMPILER_GLOBAL_ACCENT_COLOR_NAME = AccentColor;
				CODE_SIGN_STYLE = Automatic;
				INFOPLIST_FILE = cardGame/Info.plist;
				LD_RUNPATH_SEARCH_PATHS = (
					"$(inherited)",
					"@executable_path/Frameworks",
				);
				PRODUCT_BUNDLE_IDENTIFIER = com.jcarro.cardGame;
				PRODUCT_NAME = "$(TARGET_NAME)";
				SWIFT_VERSION = 5.0;
				TARGETED_DEVICE_FAMILY = "1,2";
			};
			name = Release;
		};
/* End XCBuildConfiguration section */

/* Begin XCConfigurationList section */
		E1AB014A25667916004DECA2 /* Build configuration list for PBXProject "cardGame" */ = {
			isa = XCConfigurationList;
			buildConfigurations = (
				E1AB016125667919004DECA2 /* Debug */,
				E1AB016225667919004DECA2 /* Release */,
			);
			defaultConfigurationIsVisible = 0;
			defaultConfigurationName = Release;
		};
		E1AB016325667919004DECA2 /* Build configuration list for PBXNativeTarget "cardGame" */ = {
			isa = XCConfigurationList;
			buildConfigurations = (
				E1AB016425667919004DECA2 /* Debug */,
				E1AB016525667919004DECA2 /* Release */,
			);
			defaultConfigurationIsVisible = 0;
			defaultConfigurationName = Release;
		};
/* End XCConfigurationList section */
	};
	rootObject = E1AB014725667916004DECA2 /* Project object */;
}
